<?xml version="1.0" encoding="utf-8"?>
<Project ToolsVersion="4.0" xmlns="http://schemas.microsoft.com/developer/msbuild/2003">
  <ItemGroup>
    <Filter Include="Source Files">
      <UniqueIdentifier>{4FC737F1-C7A5-4376-A066-2A32D752A2FF}</UniqueIdentifier>
      <Extensions>cpp;c;cc;cxx;def;odl;idl;hpj;bat;asm;asmx</Extensions>
    </Filter>
    <Filter Include="Header Files">
      <UniqueIdentifier>{93995380-89BD-4b04-88EB-625FBE52EBFB}</UniqueIdentifier>
      <Extensions>h;hh;hpp;hxx;hm;inl;inc;xsd</Extensions>
    </Filter>
    <Filter Include="Resource Files">
      <UniqueIdentifier>{67DA6AB6-F800-4c08-8B7A-83BB121AAD01}</UniqueIdentifier>
      <Extensions>rc;ico;cur;bmp;dlg;rc2;rct;bin;rgs;gif;jpg;jpeg;jpe;resx;tiff;tif;png;wav;mfcribbon-ms</Extensions>
    </Filter>
    <Filter Include="Header Files\Game">
      <UniqueIdentifier>{3b39ba9b-9af7-4634-858f-339c31da60b7}</UniqueIdentifier>
    </Filter>
    <Filter Include="Header Files\Game\Zones">
      <UniqueIdentifier>{d05a6061-3013-4d35-929c-c1f1ad2e4786}</UniqueIdentifier>
    </Filter>
    <Filter Include="Header Files\GUI">
      <UniqueIdentifier>{0723d0e4-7a50-4c14-954c-1a5a8c4ba5b8}</UniqueIdentifier>
    </Filter>
    <Filter Include="Source Files\Game">
      <UniqueIdentifier>{9389f115-3b32-4fa9-b9e8-23b96b3cc72b}</UniqueIdentifier>
    </Filter>
    <Filter Include="Source Files\Game\Zones">
      <UniqueIdentifier>{ec8c3a4d-e8dd-4171-bbcf-4c3e34c94e86}</UniqueIdentifier>
    </Filter>
    <Filter Include="Source Files\GUI">
      <UniqueIdentifier>{c6630454-c157-4061-9faf-902ff352175c}</UniqueIdentifier>
    </Filter>
    <Filter Include="Source Files\GUI\Shaders">
      <UniqueIdentifier>{4ff043d5-e1c6-45a5-a69d-3a3f496d954e}</UniqueIdentifier>
    </Filter>
    <Filter Include="Header Files\GUI\ZoneRenderers">
      <UniqueIdentifier>{0a866a33-39e2-42bb-8c63-11cc765cc7b7}</UniqueIdentifier>
    </Filter>
    <Filter Include="Source Files\GUI\ZoneRenderers">
      <UniqueIdentifier>{c5c349e0-c285-4189-8974-8c1b2a43be43}</UniqueIdentifier>
    </Filter>
    <Filter Include="Source Files\Lua">
      <UniqueIdentifier>{090c9a30-ea54-41cc-a7b5-59ce191a47f1}</UniqueIdentifier>
    </Filter>
  </ItemGroup>
  <ItemGroup>
    <ClCompile Include="Main.cpp">
      <Filter>Source Files</Filter>
    </ClCompile>
    <ClCompile Include="CRandom.cpp">
      <Filter>Source Files</Filter>
    </ClCompile>
    <ClCompile Include="BattleZone.cpp">
      <Filter>Source Files\Game\Zones</Filter>
    </ClCompile>
    <ClCompile Include="Deck.cpp">
      <Filter>Source Files\Game\Zones</Filter>
    </ClCompile>
    <ClCompile Include="Graveyard.cpp">
      <Filter>Source Files\Game\Zones</Filter>
    </ClCompile>
    <ClCompile Include="Hand.cpp">
      <Filter>Source Files\Game\Zones</Filter>
    </ClCompile>
    <ClCompile Include="Zone.cpp">
      <Filter>Source Files\Game\Zones</Filter>
    </ClCompile>
    <ClCompile Include="ManaZone.cpp">
      <Filter>Source Files\Game\Zones</Filter>
    </ClCompile>
    <ClCompile Include="ShieldZone.cpp">
      <Filter>Source Files\Game\Zones</Filter>
    </ClCompile>
    <ClCompile Include="Card.cpp">
      <Filter>Source Files\Game</Filter>
    </ClCompile>
    <ClCompile Include="CardData.cpp">
      <Filter>Source Files\Game</Filter>
    </ClCompile>
    <ClCompile Include="Choice.cpp">
      <Filter>Source Files\Game</Filter>
    </ClCompile>
    <ClCompile Include="Duel.cpp">
      <Filter>Source Files\Game</Filter>
    </ClCompile>
    <ClCompile Include="LuaFunctions.cpp">
      <Filter>Source Files\Game</Filter>
    </ClCompile>
    <ClCompile Include="Message.cpp">
      <Filter>Source Files\Game</Filter>
    </ClCompile>
    <ClCompile Include="MessageManager.cpp">
      <Filter>Source Files\Game</Filter>
    </ClCompile>
    <ClCompile Include="Modifier.cpp">
      <Filter>Source Files\Game</Filter>
    </ClCompile>
    <ClCompile Include="Camera.cpp">
      <Filter>Source Files\GUI</Filter>
    </ClCompile>
    <ClCompile Include="CardModel.cpp">
      <Filter>Source Files\GUI</Filter>
    </ClCompile>
    <ClCompile Include="DuelInterface.cpp">
      <Filter>Source Files\GUI</Filter>
    </ClCompile>
    <ClCompile Include="GraphicsInclude.cpp">
      <Filter>Source Files\GUI</Filter>
    </ClCompile>
    <ClCompile Include="LoadResources.cpp">
      <Filter>Source Files\GUI</Filter>
    </ClCompile>
    <ClCompile Include="MeshData.cpp">
      <Filter>Source Files\GUI</Filter>
    </ClCompile>
    <ClCompile Include="Mesh.cpp">
      <Filter>Source Files\GUI</Filter>
    </ClCompile>
    <ClCompile Include="Model.cpp">
      <Filter>Source Files\GUI</Filter>
    </ClCompile>
    <ClCompile Include="Movement.cpp">
      <Filter>Source Files\GUI</Filter>
    </ClCompile>
    <ClCompile Include="ShaderProgram.cpp">
      <Filter>Source Files\GUI</Filter>
    </ClCompile>
    <ClCompile Include="SoundManager.cpp">
      <Filter>Source Files\GUI</Filter>
    </ClCompile>
    <ClCompile Include="Texture.cpp">
      <Filter>Source Files\GUI</Filter>
    </ClCompile>
    <ClCompile Include="ZoneRenderer.cpp">
      <Filter>Source Files\GUI\ZoneRenderers</Filter>
    </ClCompile>
    <ClCompile Include="BattleZoneRenderer.cpp">
      <Filter>Source Files\GUI\ZoneRenderers</Filter>
    </ClCompile>
    <ClCompile Include="DeckRenderer.cpp">
      <Filter>Source Files\GUI\ZoneRenderers</Filter>
    </ClCompile>
    <ClCompile Include="GraveyardRenderer.cpp">
      <Filter>Source Files\GUI\ZoneRenderers</Filter>
    </ClCompile>
    <ClCompile Include="HandRenderer.cpp">
      <Filter>Source Files\GUI\ZoneRenderers</Filter>
    </ClCompile>
    <ClCompile Include="ManaZoneRenderer.cpp">
      <Filter>Source Files\GUI\ZoneRenderers</Filter>
    </ClCompile>
    <ClCompile Include="ShieldZoneRenderer.cpp">
      <Filter>Source Files\GUI\ZoneRenderers</Filter>
    </ClCompile>
    <ClCompile Include="TextRenderer.cpp">
      <Filter>Source Files\GUI</Filter>
    </ClCompile>
    <ClCompile Include="Timer.cpp">
      <Filter>Source Files\GUI</Filter>
    </ClCompile>
  </ItemGroup>
  <ItemGroup>
    <ClInclude Include="CRandom.h">
      <Filter>Header Files</Filter>
    </ClInclude>
    <ClInclude Include="BattleZone.h">
      <Filter>Header Files\Game\Zones</Filter>
    </ClInclude>
    <ClInclude Include="Hand.h">
      <Filter>Header Files\Game\Zones</Filter>
    </ClInclude>
    <ClInclude Include="Graveyard.h">
      <Filter>Header Files\Game\Zones</Filter>
    </ClInclude>
    <ClInclude Include="ManaZone.h">
      <Filter>Header Files\Game\Zones</Filter>
    </ClInclude>
    <ClInclude Include="Zone.h">
      <Filter>Header Files\Game\Zones</Filter>
    </ClInclude>
    <ClInclude Include="ShieldZone.h">
      <Filter>Header Files\Game\Zones</Filter>
    </ClInclude>
    <ClInclude Include="Deck.h">
      <Filter>Header Files\Game\Zones</Filter>
    </ClInclude>
    <ClInclude Include="Card.h">
      <Filter>Header Files\Game</Filter>
    </ClInclude>
    <ClInclude Include="CardData.h">
      <Filter>Header Files\Game</Filter>
    </ClInclude>
    <ClInclude Include="Choice.h">
      <Filter>Header Files\Game</Filter>
    </ClInclude>
    <ClInclude Include="Duel.h">
      <Filter>Header Files\Game</Filter>
    </ClInclude>
    <ClInclude Include="LuaFunctions.h">
      <Filter>Header Files\Game</Filter>
    </ClInclude>
    <ClInclude Include="LuaInclude.h">
      <Filter>Header Files\Game</Filter>
    </ClInclude>
    <ClInclude Include="Message.h">
      <Filter>Header Files\Game</Filter>
    </ClInclude>
    <ClInclude Include="MessageManager.h">
      <Filter>Header Files\Game</Filter>
    </ClInclude>
    <ClInclude Include="Modifier.h">
      <Filter>Header Files\Game</Filter>
    </ClInclude>
    <ClInclude Include="Camera.h">
      <Filter>Header Files\GUI</Filter>
    </ClInclude>
    <ClInclude Include="CardModel.h">
      <Filter>Header Files\GUI</Filter>
    </ClInclude>
    <ClInclude Include="DuelInterface.h">
      <Filter>Header Files\GUI</Filter>
    </ClInclude>
    <ClInclude Include="GraphicsInclude.h">
      <Filter>Header Files\GUI</Filter>
    </ClInclude>
    <ClInclude Include="GraphicsTypedefs.h">
      <Filter>Header Files\GUI</Filter>
    </ClInclude>
    <ClInclude Include="Mesh.h">
      <Filter>Header Files\GUI</Filter>
    </ClInclude>
    <ClInclude Include="MeshData.h">
      <Filter>Header Files\GUI</Filter>
    </ClInclude>
    <ClInclude Include="SoundManager.h">
      <Filter>Header Files\GUI</Filter>
    </ClInclude>
    <ClInclude Include="LoadResources.h">
      <Filter>Header Files\GUI</Filter>
    </ClInclude>
    <ClInclude Include="Movement.h">
      <Filter>Header Files\GUI</Filter>
    </ClInclude>
    <ClInclude Include="ShaderProgram.h">
      <Filter>Header Files\GUI</Filter>
    </ClInclude>
    <ClInclude Include="Model.h">
      <Filter>Header Files\GUI</Filter>
    </ClInclude>
    <ClInclude Include="Texture.h">
      <Filter>Header Files\GUI</Filter>
    </ClInclude>
    <ClInclude Include="ZoneRenderer.h">
      <Filter>Header Files\GUI\ZoneRenderers</Filter>
    </ClInclude>
    <ClInclude Include="BattleZoneRenderer.h">
      <Filter>Header Files\GUI\ZoneRenderers</Filter>
    </ClInclude>
    <ClInclude Include="HandRenderer.h">
      <Filter>Header Files\GUI\ZoneRenderers</Filter>
    </ClInclude>
    <ClInclude Include="DeckRenderer.h">
      <Filter>Header Files\GUI\ZoneRenderers</Filter>
    </ClInclude>
    <ClInclude Include="ManaZoneRenderer.h">
      <Filter>Header Files\GUI\ZoneRenderers</Filter>
    </ClInclude>
    <ClInclude Include="ShieldZoneRenderer.h">
      <Filter>Header Files\GUI\ZoneRenderers</Filter>
    </ClInclude>
    <ClInclude Include="GraveyardRenderer.h">
      <Filter>Header Files\GUI\ZoneRenderers</Filter>
    </ClInclude>
    <ClInclude Include="TextRenderer.h">
      <Filter>Header Files\GUI</Filter>
    </ClInclude>
    <ClInclude Include="Timer.h">
      <Filter>Header Files\GUI</Filter>
    </ClInclude>
  </ItemGroup>
  <ItemGroup>
    <None Include="Resources\Shaders\mvp.glfs">
      <Filter>Source Files\GUI\Shaders</Filter>
    </None>
    <None Include="Resources\Shaders\zone.glfs">
      <Filter>Source Files\GUI\Shaders</Filter>
    </None>
    <None Include="Resources\Shaders\mvp.glvs">
      <Filter>Source Files\GUI\Shaders</Filter>
    </None>
    <None Include="Resources\Shaders\zone.glvs">
      <Filter>Source Files\GUI\Shaders</Filter>
    </None>
    <None Include="..\x64\Release\Lua\BaseSet.lua">
      <Filter>Source Files\Lua</Filter>
    </None>
    <None Include="..\x64\Release\Lua\Common.lua">
      <Filter>Source Files\Lua</Filter>
    </None>
    <None Include="..\x64\Release\Lua\EvoCrushinators.lua">
      <Filter>Source Files\Lua</Filter>
    </None>
    <None Include="..\x64\Release\Lua\Promo.lua">
      <Filter>Source Files\Lua</Filter>
    </None>
    <None Include="..\x64\Release\Lua\Shadowclash.lua">
      <Filter>Source Files\Lua</Filter>
    </None>
    <None Include="..\x64\Release\Lua\Rampage.lua">
      <Filter>Source Files\Lua</Filter>
    </None>
    <None Include="..\x64\Release\Lua\Survivors.lua">
      <Filter>Source Files\Lua</Filter>
    </None>
    <None Include="Resources\Shaders\text.glfs">
      <Filter>Source Files\GUI\Shaders</Filter>
    </None>
    <None Include="Resources\Shaders\text.glvs">
      <Filter>Source Files\GUI\Shaders</Filter>
    </None>
  </ItemGroup>
</Project>